// !$*UTF8*$!
{
	archiveVersion = 1;
	classes = {
	};
	objectVersion = 55;
	objects = {

/* Begin PBXBuildFile section */
		4B9534892837F95A00D695A2 /* AppDelegate.swift in Sources */ = {isa = PBXBuildFile; fileRef = 4B9534882837F95A00D695A2 /* AppDelegate.swift */; };
		4B95348B2837F95A00D695A2 /* SceneDelegate.swift in Sources */ = {isa = PBXBuildFile; fileRef = 4B95348A2837F95A00D695A2 /* SceneDelegate.swift */; };
		4B95348D2837F95A00D695A2 /* ViewController.swift in Sources */ = {isa = PBXBuildFile; fileRef = 4B95348C2837F95A00D695A2 /* ViewController.swift */; };
		4B9534902837F95A00D695A2 /* Main.storyboard in Resources */ = {isa = PBXBuildFile; fileRef = 4B95348E2837F95A00D695A2 /* Main.storyboard */; };
		4B9534922837F95B00D695A2 /* Assets.xcassets in Resources */ = {isa = PBXBuildFile; fileRef = 4B9534912837F95B00D695A2 /* Assets.xcassets */; };
		4B9534952837F95B00D695A2 /* LaunchScreen.storyboard in Resources */ = {isa = PBXBuildFile; fileRef = 4B9534932837F95B00D695A2 /* LaunchScreen.storyboard */; };
		4B95349E2837FB1300D695A2 /* Spotify+String.swift in Sources */ = {isa = PBXBuildFile; fileRef = 4B95349D2837FB1300D695A2 /* Spotify+String.swift */; };
		4B9534A02837FB6B00D695A2 /* Spotify+Image.swift in Sources */ = {isa = PBXBuildFile; fileRef = 4B95349F2837FB6B00D695A2 /* Spotify+Image.swift */; };
		4B9534A72837FF2E00D695A2 /* PlayList.swift in Sources */ = {isa = PBXBuildFile; fileRef = 4B9534A62837FF2E00D695A2 /* PlayList.swift */; };
		4B9534A92837FFEB00D695A2 /* Request.swift in Sources */ = {isa = PBXBuildFile; fileRef = 4B9534A82837FFEB00D695A2 /* Request.swift */; };
		4B9534AB283800AD00D695A2 /* PlayListViewModel.swift in Sources */ = {isa = PBXBuildFile; fileRef = 4B9534AA283800AD00D695A2 /* PlayListViewModel.swift */; };
		4B9534AD2838075100D695A2 /* Home.storyboard in Resources */ = {isa = PBXBuildFile; fileRef = 4B9534AC2838075100D695A2 /* Home.storyboard */; };
		4B9534AF28380F0100D695A2 /* LibraryViewController.swift in Sources */ = {isa = PBXBuildFile; fileRef = 4B9534AE28380F0100D695A2 /* LibraryViewController.swift */; };
/* End PBXBuildFile section */

/* Begin PBXFileReference section */
		4B9534852837F95A00D695A2 /* SpotifyCloneB-JosephPuma.app */ = {isa = PBXFileReference; explicitFileType = wrapper.application; includeInIndex = 0; path = "SpotifyCloneB-JosephPuma.app"; sourceTree = BUILT_PRODUCTS_DIR; };
		4B9534882837F95A00D695A2 /* AppDelegate.swift */ = {isa = PBXFileReference; lastKnownFileType = sourcecode.swift; path = AppDelegate.swift; sourceTree = "<group>"; };
		4B95348A2837F95A00D695A2 /* SceneDelegate.swift */ = {isa = PBXFileReference; lastKnownFileType = sourcecode.swift; path = SceneDelegate.swift; sourceTree = "<group>"; };
		4B95348C2837F95A00D695A2 /* ViewController.swift */ = {isa = PBXFileReference; lastKnownFileType = sourcecode.swift; path = ViewController.swift; sourceTree = "<group>"; };
		4B95348F2837F95A00D695A2 /* Base */ = {isa = PBXFileReference; lastKnownFileType = file.storyboard; name = Base; path = Base.lproj/Main.storyboard; sourceTree = "<group>"; };
		4B9534912837F95B00D695A2 /* Assets.xcassets */ = {isa = PBXFileReference; lastKnownFileType = folder.assetcatalog; path = Assets.xcassets; sourceTree = "<group>"; };
		4B9534942837F95B00D695A2 /* Base */ = {isa = PBXFileReference; lastKnownFileType = file.storyboard; name = Base; path = Base.lproj/LaunchScreen.storyboard; sourceTree = "<group>"; };
		4B9534962837F95B00D695A2 /* Info.plist */ = {isa = PBXFileReference; lastKnownFileType = text.plist.xml; path = Info.plist; sourceTree = "<group>"; };
		4B95349D2837FB1300D695A2 /* Spotify+String.swift */ = {isa = PBXFileReference; lastKnownFileType = sourcecode.swift; path = "Spotify+String.swift"; sourceTree = "<group>"; };
		4B95349F2837FB6B00D695A2 /* Spotify+Image.swift */ = {isa = PBXFileReference; lastKnownFileType = sourcecode.swift; path = "Spotify+Image.swift"; sourceTree = "<group>"; };
		4B9534A62837FF2E00D695A2 /* PlayList.swift */ = {isa = PBXFileReference; lastKnownFileType = sourcecode.swift; path = PlayList.swift; sourceTree = "<group>"; };
		4B9534A82837FFEB00D695A2 /* Request.swift */ = {isa = PBXFileReference; lastKnownFileType = sourcecode.swift; path = Request.swift; sourceTree = "<group>"; };
		4B9534AA283800AD00D695A2 /* PlayListViewModel.swift */ = {isa = PBXFileReference; lastKnownFileType = sourcecode.swift; path = PlayListViewModel.swift; sourceTree = "<group>"; };
		4B9534AC2838075100D695A2 /* Home.storyboard */ = {isa = PBXFileReference; lastKnownFileType = file.storyboard; path = Home.storyboard; sourceTree = "<group>"; };
		4B9534AE28380F0100D695A2 /* LibraryViewController.swift */ = {isa = PBXFileReference; lastKnownFileType = sourcecode.swift; path = LibraryViewController.swift; sourceTree = "<group>"; };
/* End PBXFileReference section */

/* Begin PBXFrameworksBuildPhase section */
		4B9534822837F95A00D695A2 /* Frameworks */ = {
			isa = PBXFrameworksBuildPhase;
			buildActionMask = 2147483647;
			files = (
			);
			runOnlyForDeploymentPostprocessing = 0;
		};
/* End PBXFrameworksBuildPhase section */

/* Begin PBXGroup section */
		4B95347C2837F95A00D695A2 = {
			isa = PBXGroup;
			children = (
				4B9534872837F95A00D695A2 /* SpotifyCloneB-JosephPuma */,
				4B9534862837F95A00D695A2 /* Products */,
			);
			sourceTree = "<group>";
		};
		4B9534862837F95A00D695A2 /* Products */ = {
			isa = PBXGroup;
			children = (
				4B9534852837F95A00D695A2 /* SpotifyCloneB-JosephPuma.app */,
			);
			name = Products;
			sourceTree = "<group>";
		};
		4B9534872837F95A00D695A2 /* SpotifyCloneB-JosephPuma */ = {
			isa = PBXGroup;
			children = (
				4B9534A52837FC7400D695A2 /* Onboarding */,
				4B9534A42837FC6600D695A2 /* Screens */,
				4B9534A32837FBD100D695A2 /* ViewControllers */,
				4B9534A22837FBBC00D695A2 /* ViewModels */,
				4B9534A12837FBAB00D695A2 /* Models */,
				4B95349C2837F9B700D695A2 /* Helper */,
				4B9534882837F95A00D695A2 /* AppDelegate.swift */,
				4B95348A2837F95A00D695A2 /* SceneDelegate.swift */,
				4B9534912837F95B00D695A2 /* Assets.xcassets */,
				4B9534962837F95B00D695A2 /* Info.plist */,
			);
			path = "SpotifyCloneB-JosephPuma";
			sourceTree = "<group>";
		};
		4B95349C2837F9B700D695A2 /* Helper */ = {
			isa = PBXGroup;
			children = (
				4B95349D2837FB1300D695A2 /* Spotify+String.swift */,
				4B95349F2837FB6B00D695A2 /* Spotify+Image.swift */,
			);
			path = Helper;
			sourceTree = "<group>";
		};
		4B9534A12837FBAB00D695A2 /* Models */ = {
			isa = PBXGroup;
			children = (
				4B9534A62837FF2E00D695A2 /* PlayList.swift */,
			);
			path = Models;
			sourceTree = "<group>";
		};
		4B9534A22837FBBC00D695A2 /* ViewModels */ = {
			isa = PBXGroup;
			children = (
				4B9534A82837FFEB00D695A2 /* Request.swift */,
				4B9534AA283800AD00D695A2 /* PlayListViewModel.swift */,
			);
			path = ViewModels;
			sourceTree = "<group>";
		};
		4B9534A32837FBD100D695A2 /* ViewControllers */ = {
			isa = PBXGroup;
			children = (
				4B95348C2837F95A00D695A2 /* ViewController.swift */,
				4B9534AE28380F0100D695A2 /* LibraryViewController.swift */,
			);
			path = ViewControllers;
			sourceTree = "<group>";
		};
		4B9534A42837FC6600D695A2 /* Screens */ = {
			isa = PBXGroup;
			children = (
				4B95348E2837F95A00D695A2 /* Main.storyboard */,
				4B9534AC2838075100D695A2 /* Home.storyboard */,
			);
			path = Screens;
			sourceTree = "<group>";
		};
		4B9534A52837FC7400D695A2 /* Onboarding */ = {
			isa = PBXGroup;
			children = (
				4B9534932837F95B00D695A2 /* LaunchScreen.storyboard */,
			);
			path = Onboarding;
			sourceTree = "<group>";
		};
/* End PBXGroup section */

/* Begin PBXNativeTarget section */
		4B9534842837F95A00D695A2 /* SpotifyCloneB-JosephPuma */ = {
			isa = PBXNativeTarget;
			buildConfigurationList = 4B9534992837F95B00D695A2 /* Build configuration list for PBXNativeTarget "SpotifyCloneB-JosephPuma" */;
			buildPhases = (
				4B9534812837F95A00D695A2 /* Sources */,
				4B9534822837F95A00D695A2 /* Frameworks */,
				4B9534832837F95A00D695A2 /* Resources */,
			);
			buildRules = (
			);
			dependencies = (
			);
			name = "SpotifyCloneB-JosephPuma";
			productName = "SpotifyCloneB-JosephPuma";
			productReference = 4B9534852837F95A00D695A2 /* SpotifyCloneB-JosephPuma.app */;
			productType = "com.apple.product-type.application";
		};
/* End PBXNativeTarget section */

/* Begin PBXProject section */
		4B95347D2837F95A00D695A2 /* Project object */ = {
			isa = PBXProject;
			attributes = {
				BuildIndependentTargetsInParallel = 1;
				LastSwiftUpdateCheck = 1330;
				LastUpgradeCheck = 1330;
				TargetAttributes = {
					4B9534842837F95A00D695A2 = {
						CreatedOnToolsVersion = 13.3.1;
					};
				};
			};
			buildConfigurationList = 4B9534802837F95A00D695A2 /* Build configuration list for PBXProject "SpotifyCloneB-JosephPuma" */;
			compatibilityVersion = "Xcode 13.0";
			developmentRegion = en;
			hasScannedForEncodings = 0;
			knownRegions = (
				en,
				Base,
			);
			mainGroup = 4B95347C2837F95A00D695A2;
			productRefGroup = 4B9534862837F95A00D695A2 /* Products */;
			projectDirPath = "";
			projectRoot = "";
			targets = (
				4B9534842837F95A00D695A2 /* SpotifyCloneB-JosephPuma */,
			);
		};
/* End PBXProject section */

/* Begin PBXResourcesBuildPhase section */
		4B9534832837F95A00D695A2 /* Resources */ = {
			isa = PBXResourcesBuildPhase;
			buildActionMask = 2147483647;
			files = (
				4B9534952837F95B00D695A2 /* LaunchScreen.storyboard in Resources */,
				4B9534922837F95B00D695A2 /* Assets.xcassets in Resources */,
				4B9534902837F95A00D695A2 /* Main.storyboard in Resources */,
				4B9534AD2838075100D695A2 /* Home.storyboard in Resources */,
			);
			runOnlyForDeploymentPostprocessing = 0;
		};
/* End PBXResourcesBuildPhase section */

/* Begin PBXSourcesBuildPhase section */
		4B9534812837F95A00D695A2 /* Sources */ = {
			isa = PBXSourcesBuildPhase;
			buildActionMask = 2147483647;
			files = (
				4B9534AB283800AD00D695A2 /* PlayListViewModel.swift in Sources */,
				4B95348D2837F95A00D695A2 /* ViewController.swift in Sources */,
				4B9534A02837FB6B00D695A2 /* Spotify+Image.swift in Sources */,
				4B9534892837F95A00D695A2 /* AppDelegate.swift in Sources */,
				4B95348B2837F95A00D695A2 /* SceneDelegate.swift in Sources */,
				4B9534A92837FFEB00D695A2 /* Request.swift in Sources */,
				4B95349E2837FB1300D695A2 /* Spotify+String.swift in Sources */,
				4B9534AF28380F0100D695A2 /* LibraryViewController.swift in Sources */,
				4B9534A72837FF2E00D695A2 /* PlayList.swift in Sources */,
			);
			runOnlyForDeploymentPostprocessing = 0;
		};
/* End PBXSourcesBuildPhase section */

/* Begin PBXVariantGroup section */
		4B95348E2837F95A00D695A2 /* Main.storyboard */ = {
			isa = PBXVariantGroup;
			children = (
				4B95348F2837F95A00D695A2 /* Base */,
			);
			name = Main.storyboard;
			sourceTree = "<group>";
		};
		4B9534932837F95B00D695A2 /* LaunchScreen.storyboard */ = {
			isa = PBXVariantGroup;
			children = (
				4B9534942837F95B00D695A2 /* Base */,
			);
			name = LaunchScreen.storyboard;
			sourceTree = "<group>";
		};
/* End PBXVariantGroup section */

/* Begin XCBuildConfiguration section */
		4B9534972837F95B00D695A2 /* Debug */ = {
			isa = XCBuildConfiguration;
			buildSettings = {
				ALWAYS_SEARCH_USER_PATHS = NO;
				CLANG_ANALYZER_NONNULL = YES;
				CLANG_ANALYZER_NUMBER_OBJECT_CONVERSION = YES_AGGRESSIVE;
				CLANG_CXX_LANGUAGE_STANDARD = "gnu++17";
				CLANG_ENABLE_MODULES = YES;
				CLANG_ENABLE_OBJC_ARC = YES;
				CLANG_ENABLE_OBJC_WEAK = YES;
				CLANG_WARN_BLOCK_CAPTURE_AUTORELEASING = YES;
				CLANG_WARN_BOOL_CONVERSION = YES;
				CLANG_WARN_COMMA = YES;
				CLANG_WARN_CONSTANT_CONVERSION = YES;
				CLANG_WARN_DEPRECATED_OBJC_IMPLEMENTATIONS = YES;
				CLANG_WARN_DIRECT_OBJC_ISA_USAGE = YES_ERROR;
				CLANG_WARN_DOCUMENTATION_COMMENTS = YES;
				CLANG_WARN_EMPTY_BODY = YES;
				CLANG_WARN_ENUM_CONVERSION = YES;
				CLANG_WARN_INFINITE_RECURSION = YES;
				CLANG_WARN_INT_CONVERSION = YES;
				CLANG_WARN_NON_LITERAL_NULL_CONVERSION = YES;
				CLANG_WARN_OBJC_IMPLICIT_RETAIN_SELF = YES;
				CLANG_WARN_OBJC_LITERAL_CONVERSION = YES;
				CLANG_WARN_OBJC_ROOT_CLASS = YES_ERROR;
				CLANG_WARN_QUOTED_INCLUDE_IN_FRAMEWORK_HEADER = YES;
				CLANG_WARN_RANGE_LOOP_ANALYSIS = YES;
				CLANG_WARN_STRICT_PROTOTYPES = YES;
				CLANG_WARN_SUSPICIOUS_MOVE = YES;
				CLANG_WARN_UNGUARDED_AVAILABILITY = YES_AGGRESSIVE;
				CLANG_WARN_UNREACHABLE_CODE = YES;
				CLANG_WARN__DUPLICATE_METHOD_MATCH = YES;
				COPY_PHASE_STRIP = NO;
				DEBUG_INFORMATION_FORMAT = dwarf;
				ENABLE_STRICT_OBJC_MSGSEND = YES;
				ENABLE_TESTABILITY = YES;
				GCC_C_LANGUAGE_STANDARD = gnu11;
				GCC_DYNAMIC_NO_PIC = NO;
				GCC_NO_COMMON_BLOCKS = YES;
				GCC_OPTIMIZATION_LEVEL = 0;
				GCC_PREPROCESSOR_DEFINITIONS = (
					"DEBUG=1",
					"$(inherited)",
				);
				GCC_WARN_64_TO_32_BIT_CONVERSION = YES;
				GCC_WARN_ABOUT_RETURN_TYPE = YES_ERROR;
				GCC_WARN_UNDECLARED_SELECTOR = YES;
				GCC_WARN_UNINITIALIZED_AUTOS = YES_AGGRESSIVE;
				GCC_WARN_UNUSED_FUNCTION = YES;
				GCC_WARN_UNUSED_VARIABLE = YES;
				IPHONEOS_DEPLOYMENT_TARGET = 15.4;
				MTL_ENABLE_DEBUG_INFO = INCLUDE_SOURCE;
				MTL_FAST_MATH = YES;
				ONLY_ACTIVE_ARCH = YES;
				SDKROOT = iphoneos;
				SWIFT_ACTIVE_COMPILATION_CONDITIONS = DEBUG;
				SWIFT_OPTIMIZATION_LEVEL = "-Onone";
			};
			name = Debug;
		};
		4B9534982837F95B00D695A2 /* Release */ = {
			isa = XCBuildConfiguration;
			buildSettings = {
				ALWAYS_SEARCH_USER_PATHS = NO;
				CLANG_ANALYZER_NONNULL = YES;
				CLANG_ANALYZER_NUMBER_OBJECT_CONVERSION = YES_AGGRESSIVE;
				CLANG_CXX_LANGUAGE_STANDARD = "gnu++17";
				CLANG_ENABLE_MODULES = YES;
				CLANG_ENABLE_OBJC_ARC = YES;
				CLANG_ENABLE_OBJC_WEAK = YES;
				CLANG_WARN_BLOCK_CAPTURE_AUTORELEASING = YES;
				CLANG_WARN_BOOL_CONVERSION = YES;
				CLANG_WARN_COMMA = YES;
				CLANG_WARN_CONSTANT_CONVERSION = YES;
				CLANG_WARN_DEPRECATED_OBJC_IMPLEMENTATIONS = YES;
				CLANG_WARN_DIRECT_OBJC_ISA_USAGE = YES_ERROR;
				CLANG_WARN_DOCUMENTATION_COMMENTS = YES;
				CLANG_WARN_EMPTY_BODY = YES;
				CLANG_WARN_ENUM_CONVERSION = YES;
				CLANG_WARN_INFINITE_RECURSION = YES;
				CLANG_WARN_INT_CONVERSION = YES;
				CLANG_WARN_NON_LITERAL_NULL_CONVERSION = YES;
				CLANG_WARN_OBJC_IMPLICIT_RETAIN_SELF = YES;
				CLANG_WARN_OBJC_LITERAL_CONVERSION = YES;
				CLANG_WARN_OBJC_ROOT_CLASS = YES_ERROR;
				CLANG_WARN_QUOTED_INCLUDE_IN_FRAMEWORK_HEADER = YES;
				CLANG_WARN_RANGE_LOOP_ANALYSIS = YES;
				CLANG_WARN_STRICT_PROTOTYPES = YES;
				CLANG_WARN_SUSPICIOUS_MOVE = YES;
				CLANG_WARN_UNGUARDED_AVAILABILITY = YES_AGGRESSIVE;
				CLANG_WARN_UNREACHABLE_CODE = YES;
				CLANG_WARN__DUPLICATE_METHOD_MATCH = YES;
				COPY_PHASE_STRIP = NO;
				DEBUG_INFORMATION_FORMAT = "dwarf-with-dsym";
				ENABLE_NS_ASSERTIONS = NO;
				ENABLE_STRICT_OBJC_MSGSEND = YES;
				GCC_C_LANGUAGE_STANDARD = gnu11;
				GCC_NO_COMMON_BLOCKS = YES;
				GCC_WARN_64_TO_32_BIT_CONVERSION = YES;
				GCC_WARN_ABOUT_RETURN_TYPE = YES_ERROR;
				GCC_WARN_UNDECLARED_SELECTOR = YES;
				GCC_WARN_UNINITIALIZED_AUTOS = YES_AGGRESSIVE;
				GCC_WARN_UNUSED_FUNCTION = YES;
				GCC_WARN_UNUSED_VARIABLE = YES;
				IPHONEOS_DEPLOYMENT_TARGET = 15.4;
				MTL_ENABLE_DEBUG_INFO = NO;
				MTL_FAST_MATH = YES;
				SDKROOT = iphoneos;
				SWIFT_COMPILATION_MODE = wholemodule;
				SWIFT_OPTIMIZATION_LEVEL = "-O";
				VALIDATE_PRODUCT = YES;
			};
			name = Release;
		};
		4B95349A2837F95B00D695A2 /* Debug */ = {
			isa = XCBuildConfiguration;
			buildSettings = {
				ASSETCATALOG_COMPILER_APPICON_NAME = AppIcon;
				ASSETCATALOG_COMPILER_GLOBAL_ACCENT_COLOR_NAME = AccentColor;
				CODE_SIGN_STYLE = Automatic;
				CURRENT_PROJECT_VERSION = 1;
				GENERATE_INFOPLIST_FILE = YES;
				INFOPLIST_FILE = "SpotifyCloneB-JosephPuma/Info.plist";
				INFOPLIST_KEY_UIApplicationSupportsIndirectInputEvents = YES;
				INFOPLIST_KEY_UILaunchStoryboardName = LaunchScreen;
				INFOPLIST_KEY_UIMainStoryboardFile = Main;
				INFOPLIST_KEY_UISupportedInterfaceOrientations_iPad = "UIInterfaceOrientationPortrait UIInterfaceOrientationPortraitUpsideDown UIInterfaceOrientationLandscapeLeft UIInterfaceOrientationLandscapeRight";
				INFOPLIST_KEY_UISupportedInterfaceOrientations_iPhone = "UIInterfaceOrientationPortrait UIInterfaceOrientationLandscapeLeft UIInterfaceOrientationLandscapeRight";
				LD_RUNPATH_SEARCH_PATHS = (
					"$(inherited)",
					"@executable_path/Frameworks",
				);
				MARKETING_VERSION = 1.0;
				PRODUCT_BUNDLE_IDENTIFIER = "com.tecsup.SpotifyCloneB-JosephPuma";
				PRODUCT_NAME = "$(TARGET_NAME)";
				SWIFT_EMIT_LOC_STRINGS = YES;
				SWIFT_VERSION = 5.0;
				TARGETED_DEVICE_FAMILY = "1,2";
			};
			name = Debug;
		};
		4B95349B2837F95B00D695A2 /* Release */ = {
			isa = XCBuildConfiguration;
			buildSettings = {
				ASSETCATALOG_COMPILER_APPICON_NAME = AppIcon;
				ASSETCATALOG_COMPILER_GLOBAL_ACCENT_COLOR_NAME = AccentColor;
				CODE_SIGN_STYLE = Automatic;
				CURRENT_PROJECT_VERSION = 1;
				GENERATE_INFOPLIST_FILE = YES;
				INFOPLIST_FILE = "SpotifyCloneB-JosephPuma/Info.plist";
				INFOPLIST_KEY_UIApplicationSupportsIndirectInputEvents = YES;
				INFOPLIST_KEY_UILaunchStoryboardName = LaunchScreen;
				INFOPLIST_KEY_UIMainStoryboardFile = Main;
				INFOPLIST_KEY_UISupportedInterfaceOrientations_iPad = "UIInterfaceOrientationPortrait UIInterfaceOrientationPortraitUpsideDown UIInterfaceOrientationLandscapeLeft UIInterfaceOrientationLandscapeRight";
				INFOPLIST_KEY_UISupportedInterfaceOrientations_iPhone = "UIInterfaceOrientationPortrait UIInterfaceOrientationLandscapeLeft UIInterfaceOrientationLandscapeRight";
				LD_RUNPATH_SEARCH_PATHS = (
					"$(inherited)",
					"@executable_path/Frameworks",
				);
				MARKETING_VERSION = 1.0;
				PRODUCT_BUNDLE_IDENTIFIER = "com.tecsup.SpotifyCloneB-JosephPuma";
				PRODUCT_NAME = "$(TARGET_NAME)";
				SWIFT_EMIT_LOC_STRINGS = YES;
				SWIFT_VERSION = 5.0;
				TARGETED_DEVICE_FAMILY = "1,2";
			};
			name = Release;
		};
/* End XCBuildConfiguration section */

/* Begin XCConfigurationList section */
		4B9534802837F95A00D695A2 /* Build configuration list for PBXProject "SpotifyCloneB-JosephPuma" */ = {
			isa = XCConfigurationList;
			buildConfigurations = (
				4B9534972837F95B00D695A2 /* Debug */,
				4B9534982837F95B00D695A2 /* Release */,
			);
			defaultConfigurationIsVisible = 0;
			defaultConfigurationName = Release;
		};
		4B9534992837F95B00D695A2 /* Build configuration list for PBXNativeTarget "SpotifyCloneB-JosephPuma" */ = {
			isa = XCConfigurationList;
			buildConfigurations = (
				4B95349A2837F95B00D695A2 /* Debug */,
				4B95349B2837F95B00D695A2 /* Release */,
			);
			defaultConfigurationIsVisible = 0;
			defaultConfigurationName = Release;
		};
/* End XCConfigurationList section */
	};
	rootObject = 4B95347D2837F95A00D695A2 /* Project object */;
}
